
Microsoft Visual Studio Solution File, Format Version 12.00
# Visual Studio Version 16
VisualStudioVersion = 16.0.31321.278
MinimumVisualStudioVersion = 10.0.40219.1
Project("{FAE04EC0-301F-11D3-BF4B-00C04F79EFBC}") = "FakerLib", "Faker\FakerLib.csproj", "{F0D615F7-A88B-4774-B326-3A4406C6A64D}"
EndProject
Project("{9A19103F-16F7-4668-BE54-9A1E7A4F7556}") = "ConsoleApp", "ConsoleApp\ConsoleApp.csproj", "{15AA44D9-7DCA-4267-B81D-839E18B74795}"
EndProject
Project("{FAE04EC0-301F-11D3-BF4B-00C04F79EFBC}") = "ByteGenerator", "ByteGenerator\ByteGenerator.csproj", "{FA89A3F6-5691-438C-842D-8EA5DF3F0595}"
EndProject
Project("{FAE04EC0-301F-11D3-BF4B-00C04F79EFBC}") = "DateTimeGenerator", "DateTimeGenerator\DateTimeGenerator.csproj", "{34623619-F9C1-480B-B88B-E3BC5FA9FE45}"
EndProject
Project("{FAE04EC0-301F-11D3-BF4B-00C04F79EFBC}") = "Tests", "Tests\Tests.csproj", "{2699A157-EF09-4E71-8D4E-FC385549A4CE}"
EndProject
Global
	GlobalSection(SolutionConfigurationPlatforms) = preSolution
		Debug|Any CPU = Debug|Any CPU
		Release|Any CPU = Release|Any CPU
	EndGlobalSection
	GlobalSection(ProjectConfigurationPlatforms) = postSolution
		{F0D615F7-A88B-4774-B326-3A4406C6A64D}.Debug|Any CPU.ActiveCfg = Debug|Any CPU
		{F0D615F7-A88B-4774-B326-3A4406C6A64D}.Debug|Any CPU.Build.0 = Debug|Any CPU
		{F0D615F7-A88B-4774-B326-3A4406C6A64D}.Release|Any CPU.ActiveCfg = Release|Any CPU
		{F0D615F7-A88B-4774-B326-3A4406C6A64D}.Release|Any CPU.Build.0 = Release|Any CPU
		{15AA44D9-7DCA-4267-B81D-839E18B74795}.Debug|Any CPU.ActiveCfg = Debug|Any CPU
		{15AA44D9-7DCA-4267-B81D-839E18B74795}.Debug|Any CPU.Build.0 = Debug|Any CPU
		{15AA44D9-7DCA-4267-B81D-839E18B74795}.Release|Any CPU.ActiveCfg = Release|Any CPU
		{15AA44D9-7DCA-4267-B81D-839E18B74795}.Release|Any CPU.Build.0 = Release|Any CPU
		{FA89A3F6-5691-438C-842D-8EA5DF3F0595}.Debug|Any CPU.ActiveCfg = Debug|Any CPU
		{FA89A3F6-5691-438C-842D-8EA5DF3F0595}.Debug|Any CPU.Build.0 = Debug|Any CPU
		{FA89A3F6-5691-438C-842D-8EA5DF3F0595}.Release|Any CPU.ActiveCfg = Release|Any CPU
		{FA89A3F6-5691-438C-842D-8EA5DF3F0595}.Release|Any CPU.Build.0 = Release|Any CPU
		{34623619-F9C1-480B-B88B-E3BC5FA9FE45}.Debug|Any CPU.ActiveCfg = Debug|Any CPU
		{34623619-F9C1-480B-B88B-E3BC5FA9FE45}.Debug|Any CPU.Build.0 = Debug|Any CPU
		{34623619-F9C1-480B-B88B-E3BC5FA9FE45}.Release|Any CPU.ActiveCfg = Release|Any CPU
		{34623619-F9C1-480B-B88B-E3BC5FA9FE45}.Release|Any CPU.Build.0 = Release|Any CPU
		{2699A157-EF09-4E71-8D4E-FC385549A4CE}.Debug|Any CPU.ActiveCfg = Debug|Any CPU
		{2699A157-EF09-4E71-8D4E-FC385549A4CE}.Debug|Any CPU.Build.0 = Debug|Any CPU
		{2699A157-EF09-4E71-8D4E-FC385549A4CE}.Release|Any CPU.ActiveCfg = Release|Any CPU
		{2699A157-EF09-4E71-8D4E-FC385549A4CE}.Release|Any CPU.Build.0 = Release|Any CPU
	EndGlobalSection
	GlobalSection(SolutionProperties) = preSolution
		HideSolutionNode = FALSE
	EndGlobalSection
	GlobalSection(ExtensibilityGlobals) = postSolution
		SolutionGuid = {F70B6515-956C-43D0-95E5-10199A80FEB5}
	EndGlobalSection
EndGlobal
